
Microsoft Visual Studio Solution File, Format Version 12.00
# Visual Studio Version 16
VisualStudioVersion = 16.0.30128.74
MinimumVisualStudioVersion = 10.0.40219.1
Project("{FAE04EC0-301F-11D3-BF4B-00C04F79EFBC}") = "DevBoost.REST.Services", "src\DevBoost.REST.Services\DevBoost.REST.Services.csproj", "{6342132E-FE02-47B1-A8CE-2C7E632B4119}"
EndProject
Project("{FAE04EC0-301F-11D3-BF4B-00C04F79EFBC}") = "DevBoost.REST.API", "src\DevBoost.REST.API\DevBoost.REST.API.csproj", "{DAEB4E1E-FAA7-49DB-8B07-9B8F94D992E0}"
EndProject
Project("{FAE04EC0-301F-11D3-BF4B-00C04F79EFBC}") = "DevBoost.REST.Domain", "src\DevBoost.REST.Domain\DevBoost.REST.Domain.csproj", "{0655F7C9-291C-42C9-B99D-D9B32DB7FA6F}"
EndProject
Global
	GlobalSection(SolutionConfigurationPlatforms) = preSolution
		Debug|Any CPU = Debug|Any CPU
		Release|Any CPU = Release|Any CPU
	EndGlobalSection
	GlobalSection(ProjectConfigurationPlatforms) = postSolution
		{6342132E-FE02-47B1-A8CE-2C7E632B4119}.Debug|Any CPU.ActiveCfg = Debug|Any CPU
		{6342132E-FE02-47B1-A8CE-2C7E632B4119}.Debug|Any CPU.Build.0 = Debug|Any CPU
		{6342132E-FE02-47B1-A8CE-2C7E632B4119}.Release|Any CPU.ActiveCfg = Release|Any CPU
		{6342132E-FE02-47B1-A8CE-2C7E632B4119}.Release|Any CPU.Build.0 = Release|Any CPU
		{DAEB4E1E-FAA7-49DB-8B07-9B8F94D992E0}.Debug|Any CPU.ActiveCfg = Debug|Any CPU
		{DAEB4E1E-FAA7-49DB-8B07-9B8F94D992E0}.Debug|Any CPU.Build.0 = Debug|Any CPU
		{DAEB4E1E-FAA7-49DB-8B07-9B8F94D992E0}.Release|Any CPU.ActiveCfg = Release|Any CPU
		{DAEB4E1E-FAA7-49DB-8B07-9B8F94D992E0}.Release|Any CPU.Build.0 = Release|Any CPU
		{0655F7C9-291C-42C9-B99D-D9B32DB7FA6F}.Debug|Any CPU.ActiveCfg = Debug|Any CPU
		{0655F7C9-291C-42C9-B99D-D9B32DB7FA6F}.Debug|Any CPU.Build.0 = Debug|Any CPU
		{0655F7C9-291C-42C9-B99D-D9B32DB7FA6F}.Release|Any CPU.ActiveCfg = Release|Any CPU
		{0655F7C9-291C-42C9-B99D-D9B32DB7FA6F}.Release|Any CPU.Build.0 = Release|Any CPU
	EndGlobalSection
	GlobalSection(SolutionProperties) = preSolution
		HideSolutionNode = FALSE
	EndGlobalSection
	GlobalSection(ExtensibilityGlobals) = postSolution
		SolutionGuid = {A287E6CB-E82B-4A29-A381-36982F64074F}
	EndGlobalSection
EndGlobal
